{
  "projects": [
    {
      "projectId": "7nJ7UcFmq9UzB6eXfC5z4a",
      "version": "0.26.0",
      "dependencies": {},
      "lang": "ts",
      "fileLocks": [
        {
          "assetId": "7nJ7UcFmq9UzB6eXfC5z4a",
          "type": "projectCss",
          "checksum": "05587b57f22f0ec8bb54543deb39762e"
        }
      ],
      "codegenVersion": "0.0.1"
    },
    {
      "projectId": "tCfLmaaHRZLhqCMNBDT3fx",
      "version": "latest",
      "dependencies": {
        "7nJ7UcFmq9UzB6eXfC5z4a": "0.26.0",
        "hsyJcmBceSfPzvvXzVTuk7": "0.1.0",
        "ohDidvG9XsCeFumugENU3J": "6.21.0",
        "jkU633o1Cz7HrJdwdxhVHk": "16.8.0",
        "YUiM7yqBWAqsh8KSnrdj7": "0.27.0",
        "58GpZjZCWTaJ8AUhpCwt2K": "3.23.0",
        "28Ba3BDvRe7EiWdfFNnLB6": "2.33.0",
        "caTPwKxj5ZrD9LQ7DMdK4Z": "3.34.0",
        "22U3ZXm4dE59qEW488gxzU": "0.25.0",
        "hjKYmYi6HMwK6TRyk7ew5R": "6.37.0"
      },
      "lang": "ts",
      "fileLocks": [
        {
          "type": "globalVariant",
          "assetId": "-d_XWYGmjSdG",
          "checksum": "f0b779503116421f85b2391baa06215c"
        },
        {
          "type": "renderModule",
          "assetId": "5h393F7B23DL",
          "checksum": "0777d668a1c93a67bb99e36410642d9c"
        },
        {
          "type": "cssRules",
          "assetId": "5h393F7B23DL",
          "checksum": "0777d668a1c93a67bb99e36410642d9c"
        },
        {
          "type": "renderModule",
          "assetId": "j5o5xPWcHXxc",
          "checksum": "52b58cab4885952543bbc328f3b451e4"
        },
        {
          "type": "cssRules",
          "assetId": "j5o5xPWcHXxc",
          "checksum": "52b58cab4885952543bbc328f3b451e4"
        },
        {
          "type": "icon",
          "assetId": "3ii2Ka38u59S",
          "checksum": "754c1a9b203a4bdf183c033d9835b28b"
        },
        {
          "type": "icon",
          "assetId": "VUB87-ym8GeH",
          "checksum": "5dcecd7fb3600eaa4bcb6f0c1cc8a377"
        },
        {
          "type": "image",
          "assetId": "7Urho2LqXd9l",
          "checksum": "c98be6853a65448c3d63ccaaf53bd967"
        },
        {
          "assetId": "tCfLmaaHRZLhqCMNBDT3fx",
          "checksum": "0958319fa7a0e0b0db1e6f4cfb7e472b",
          "type": "globalContexts"
        },
        {
          "type": "image",
          "assetId": "Nvdj-NePAIky",
          "checksum": "7464a44c95fbd04eea6acc0a663afe67"
        },
        {
          "type": "renderModule",
          "assetId": "cAZ7Fyj9SuEu",
          "checksum": "0b7e4760f57bcc5d1e656226b2291b29"
        },
        {
          "type": "cssRules",
          "assetId": "cAZ7Fyj9SuEu",
          "checksum": "0b7e4760f57bcc5d1e656226b2291b29"
        },
        {
          "type": "renderModule",
          "assetId": "CSv27pWj8O1Q",
          "checksum": "39506ff6357f69e6fa0d2f15ae5e183a"
        },
        {
          "type": "cssRules",
          "assetId": "CSv27pWj8O1Q",
          "checksum": "39506ff6357f69e6fa0d2f15ae5e183a"
        },
        {
          "type": "renderModule",
          "assetId": "HuM2OrfFo9d3",
          "checksum": "bd4427dcf570ab289a90fde8395418cc"
        },
        {
          "type": "cssRules",
          "assetId": "HuM2OrfFo9d3",
          "checksum": "bd4427dcf570ab289a90fde8395418cc"
        },
        {
          "type": "renderModule",
          "assetId": "4PCCEqcdzphM",
          "checksum": "e96064f79d0e1b9cf64246b07e764057"
        },
        {
          "type": "cssRules",
          "assetId": "4PCCEqcdzphM",
          "checksum": "e96064f79d0e1b9cf64246b07e764057"
        },
        {
          "type": "renderModule",
          "assetId": "9KuRJOoenVei",
          "checksum": "4aa043ad788bf78d1b4765870d9fb2af"
        },
        {
          "type": "cssRules",
          "assetId": "9KuRJOoenVei",
          "checksum": "4aa043ad788bf78d1b4765870d9fb2af"
        },
        {
          "type": "renderModule",
          "assetId": "PRwlDeJ3genv",
          "checksum": "f20c2ded0cc99131795ed638d23f7112"
        },
        {
          "type": "cssRules",
          "assetId": "PRwlDeJ3genv",
          "checksum": "f20c2ded0cc99131795ed638d23f7112"
        },
        {
          "type": "image",
          "assetId": "vNuNUwu3rudS",
          "checksum": "3d2d05039045a30601e5e9a27cb085f3"
        },
        {
          "type": "image",
          "assetId": "qKgjtvzOF2EA",
          "checksum": "90d3be65b3bb5cf5aad4eceb279b4238"
        },
        {
          "type": "image",
          "assetId": "KEHVV3Hoc8lr",
          "checksum": "b78d01fcb922b3207b691cf7a06e276f"
        },
        {
          "type": "image",
          "assetId": "FetYuKNeQczm",
          "checksum": "3311e7656fbd4165a9987b735b268f7f"
        },
        {
          "type": "image",
          "assetId": "sjaCyxlUtyPy",
          "checksum": "1c7d81a4c75f13b6ff59f9c1585d34ca"
        },
        {
          "type": "renderModule",
          "assetId": "iQWzdfVeOLvv",
          "checksum": "3b359802e3fd6a3c5d5d6df959643aec"
        },
        {
          "type": "cssRules",
          "assetId": "iQWzdfVeOLvv",
          "checksum": "3b359802e3fd6a3c5d5d6df959643aec"
        },
        {
          "type": "renderModule",
          "assetId": "6FyT6GrCqrhw",
          "checksum": "3a43d5f9df52dc223ab05fe32ea45fae"
        },
        {
          "type": "cssRules",
          "assetId": "6FyT6GrCqrhw",
          "checksum": "3a43d5f9df52dc223ab05fe32ea45fae"
        },
        {
          "type": "renderModule",
          "assetId": "QoZM5zX7KRbO",
          "checksum": "34f0f5b79ac69be7e30e10236cd6aa0d"
        },
        {
          "type": "cssRules",
          "assetId": "QoZM5zX7KRbO",
          "checksum": "34f0f5b79ac69be7e30e10236cd6aa0d"
        },
        {
          "type": "icon",
          "assetId": "LkVsG8OxtLr6",
          "checksum": "127adafcfc7f3104ef37d1b1dc9745b4"
        },
        {
          "type": "image",
          "assetId": "pS0-bxPskdmF",
          "checksum": "1fe3f04e6e90955bfd0428553c67fce3"
        },
        {
          "type": "image",
          "assetId": "tr9IRtf2Drz5",
          "checksum": "d66204b5d63aaed6794b54bf3747505f"
        },
        {
          "type": "image",
          "assetId": "JdxYJHCxL1Qk",
          "checksum": "dfa04851c4f7916f021f3f376e836ee4"
        },
        {
          "type": "image",
          "assetId": "vWuqP0NGmuk3",
          "checksum": "9f48f067fae83eb2fd3b1e0314669f72"
        },
        {
          "type": "image",
          "assetId": "C9D9EIIBX3eN",
          "checksum": "1f060c05e9d6cbb009832346dc1c4cc5"
        },
        {
          "type": "image",
          "assetId": "NOgIS-kmPNXd",
          "checksum": "bf483683243a88eec54852e9dcc6a748"
        },
        {
          "type": "globalVariant",
          "assetId": "ulv2F16-QUQD",
          "checksum": "4b3938dff328a61b5b6c6fb0ca408c87"
        },
        {
          "type": "renderModule",
          "assetId": "3IeFdVpZSxeY",
          "checksum": "2079520c4655c5da8d543eb2f460566e"
        },
        {
          "type": "cssRules",
          "assetId": "3IeFdVpZSxeY",
          "checksum": "2079520c4655c5da8d543eb2f460566e"
        },
        {
          "type": "renderModule",
          "assetId": "FvqZ6jZ3Nmz6",
          "checksum": "227bab274265dec0214f64b35d0f7be3"
        },
        {
          "type": "cssRules",
          "assetId": "FvqZ6jZ3Nmz6",
          "checksum": "227bab274265dec0214f64b35d0f7be3"
        },
        {
          "type": "renderModule",
          "assetId": "RmOl_nf2lHTZ",
          "checksum": "a85fdb924758fa8253191e5ce2de0084"
        },
        {
          "type": "cssRules",
          "assetId": "RmOl_nf2lHTZ",
          "checksum": "a85fdb924758fa8253191e5ce2de0084"
        },
        {
          "type": "renderModule",
          "assetId": "cIO7uK2fZGwJ",
          "checksum": "3ee85893f17a4e2bdb7f1112adb39131"
        },
        {
          "type": "cssRules",
          "assetId": "cIO7uK2fZGwJ",
          "checksum": "3ee85893f17a4e2bdb7f1112adb39131"
        },
        {
          "type": "renderModule",
          "assetId": "b4VJUmcvygSD",
          "checksum": "ccf32d14e42159a5974ebb462856384e"
        },
        {
          "type": "cssRules",
          "assetId": "b4VJUmcvygSD",
          "checksum": "ccf32d14e42159a5974ebb462856384e"
        },
        {
          "type": "renderModule",
          "assetId": "4djvdSKsk3cL",
          "checksum": "b8666d72a88083d249c85667f3bbd245"
        },
        {
          "type": "cssRules",
          "assetId": "4djvdSKsk3cL",
          "checksum": "b8666d72a88083d249c85667f3bbd245"
        },
        {
          "type": "renderModule",
          "assetId": "cx6aWNqCuwPL",
          "checksum": "e78382fc060051e93419e98f24a23b01"
        },
        {
          "type": "cssRules",
          "assetId": "cx6aWNqCuwPL",
          "checksum": "e78382fc060051e93419e98f24a23b01"
        },
        {
          "type": "renderModule",
          "assetId": "uS-s5NCMFolB",
          "checksum": "c520918536f2ae72672e030d47879126"
        },
        {
          "type": "cssRules",
          "assetId": "uS-s5NCMFolB",
          "checksum": "c520918536f2ae72672e030d47879126"
        },
        {
          "type": "image",
          "assetId": "kvaEtrmz25Al",
          "checksum": "a8ffd29c3d192cae2662c638dacf3e8b"
        },
        {
          "type": "image",
          "assetId": "AtTX-UfuayAf",
          "checksum": "350f0d6e35cb9bc7a983a9d94e6805d7"
        },
        {
          "type": "image",
          "assetId": "B6bdJJOIXVwm",
          "checksum": "14abd9650090043b1cea44e95550c357"
        },
        {
          "type": "image",
          "assetId": "6fuZdeWjcOhq",
          "checksum": "9d5e997ca71ecadde8af08e79606de27"
        },
        {
          "type": "image",
          "assetId": "HbetoN8j61_s",
          "checksum": "170c6e5343db01c96cc95ffaf393c461"
        },
        {
          "assetId": "tCfLmaaHRZLhqCMNBDT3fx",
          "type": "projectCss",
          "checksum": "214e19c28be214b08cd1a2574f52bb0e"
        },
        {
          "type": "renderModule",
          "assetId": "9JecvK77shao",
          "checksum": "3302e10b3070f0958d9d91619d16cb7d"
        },
        {
          "type": "cssRules",
          "assetId": "9JecvK77shao",
          "checksum": "3302e10b3070f0958d9d91619d16cb7d"
        },
        {
          "type": "renderModule",
          "assetId": "mXqSFIZO8qjj",
          "checksum": "909f675e8ec067c1fd1c54dc90d46c2a"
        },
        {
          "type": "cssRules",
          "assetId": "mXqSFIZO8qjj",
          "checksum": "909f675e8ec067c1fd1c54dc90d46c2a"
        },
        {
          "type": "image",
          "assetId": "NYxI8wwcypqv",
          "checksum": "5be57bbfd9ce3e4be100d084f403f094"
        }
      ],
      "codegenVersion": "0.0.1"
    },
    {
      "projectId": "jkU633o1Cz7HrJdwdxhVHk",
      "version": "16.8.0",
      "dependencies": {},
      "lang": "ts",
      "fileLocks": [
        {
          "assetId": "jkU633o1Cz7HrJdwdxhVHk",
          "type": "projectCss",
          "checksum": "0581d4378bb1604bb5fe3f65bb0a37de"
        }
      ],
      "codegenVersion": "0.0.1"
    },
    {
      "projectId": "ohDidvG9XsCeFumugENU3J",
      "version": "6.21.0",
      "dependencies": {},
      "lang": "ts",
      "fileLocks": [
        {
          "assetId": "ohDidvG9XsCeFumugENU3J",
          "type": "projectCss",
          "checksum": "fd83b730367fdbde2c69bc6cf31c2a3c"
        },
        {
          "assetId": "ohDidvG9XsCeFumugENU3J",
          "checksum": "de0a0e65174a6a185a8f822af51c6bdd",
          "type": "globalContexts"
        }
      ],
      "codegenVersion": "0.0.1"
    },
    {
      "projectId": "hsyJcmBceSfPzvvXzVTuk7",
      "version": "0.1.0",
      "dependencies": {},
      "lang": "ts",
      "fileLocks": [
        {
          "assetId": "hsyJcmBceSfPzvvXzVTuk7",
          "type": "projectCss",
          "checksum": "e1ec850476829c38b0f9b6d4f7ac446a"
        }
      ],
      "codegenVersion": "0.0.1"
    },
    {
      "projectId": "hjKYmYi6HMwK6TRyk7ew5R",
      "version": "6.37.0",
      "dependencies": {},
      "lang": "ts",
      "fileLocks": [
        {
          "assetId": "hjKYmYi6HMwK6TRyk7ew5R",
          "type": "projectCss",
          "checksum": "e76cee85e96cb3fff580d5552a47cfe4"
        },
        {
          "assetId": "hjKYmYi6HMwK6TRyk7ew5R",
          "checksum": "ce1c1c4c2068f2505d175a1b6e17d26a",
          "type": "globalContexts"
        }
      ],
      "codegenVersion": "0.0.1"
    },
    {
      "projectId": "22U3ZXm4dE59qEW488gxzU",
      "version": "0.25.0",
      "dependencies": {},
      "lang": "ts",
      "fileLocks": [
        {
          "assetId": "22U3ZXm4dE59qEW488gxzU",
          "type": "projectCss",
          "checksum": "378b46b2b5bf0308d8e810f8a369fe93"
        },
        {
          "assetId": "22U3ZXm4dE59qEW488gxzU",
          "checksum": "060bb74494371f939de72df9e191bdcf",
          "type": "globalContexts"
        }
      ],
      "codegenVersion": "0.0.1"
    },
    {
      "projectId": "caTPwKxj5ZrD9LQ7DMdK4Z",
      "version": "3.34.0",
      "dependencies": {},
      "lang": "ts",
      "fileLocks": [
        {
          "assetId": "caTPwKxj5ZrD9LQ7DMdK4Z",
          "type": "projectCss",
          "checksum": "e1ec850476829c38b0f9b6d4f7ac446a"
        }
      ],
      "codegenVersion": "0.0.1"
    },
    {
      "projectId": "28Ba3BDvRe7EiWdfFNnLB6",
      "version": "2.33.0",
      "dependencies": {},
      "lang": "ts",
      "fileLocks": [
        {
          "assetId": "28Ba3BDvRe7EiWdfFNnLB6",
          "type": "projectCss",
          "checksum": "e1ec850476829c38b0f9b6d4f7ac446a"
        }
      ],
      "codegenVersion": "0.0.1"
    },
    {
      "projectId": "58GpZjZCWTaJ8AUhpCwt2K",
      "version": "3.23.0",
      "dependencies": {},
      "lang": "ts",
      "fileLocks": [
        {
          "assetId": "58GpZjZCWTaJ8AUhpCwt2K",
          "type": "projectCss",
          "checksum": "fd84921cc10936e6ceb458c2ae01c4bd"
        }
      ],
      "codegenVersion": "0.0.1"
    },
    {
      "projectId": "YUiM7yqBWAqsh8KSnrdj7",
      "version": "0.27.0",
      "dependencies": {},
      "lang": "ts",
      "fileLocks": [
        {
          "assetId": "YUiM7yqBWAqsh8KSnrdj7",
          "type": "projectCss",
          "checksum": "dac72600b04b6e6a3014e82512a15fe1"
        }
      ],
      "codegenVersion": "0.0.1"
    }
  ],
  "cliVersion": "0.1.327"
}
